// !$*UTF8*$!
{
	archiveVersion = 1;
	classes = {
	};
	objectVersion = 46;
	objects = {

/* Begin PBXFileReference section */
		E73D903114113FAE0052D76E /* original.c */ = {isa = PBXFileReference; lastKnownFileType = sourcecode.c.c; path = original.c; sourceTree = "<group>"; };
/* End PBXFileReference section */

/* Begin PBXGroup section */
		E73D902814113F7A0052D76E = {
			isa = PBXGroup;
			children = (
				E73D903114113FAE0052D76E /* original.c */,
			);
			sourceTree = "<group>";
		};
/* End PBXGroup section */

/* Begin PBXProject section */
		E73D902A14113F7A0052D76E /* Project object */ = {
			isa = PBXProject;
			attributes = {
				ORGANIZATIONNAME = "University of Virginia";
			};
			buildConfigurationList = E73D902D14113F7A0052D76E /* Build configuration list for PBXProject "Parallel Assignment" */;
			compatibilityVersion = "Xcode 3.2";
			developmentRegion = English;
			hasScannedForEncodings = 0;
			knownRegions = (
				en,
			);
			mainGroup = E73D902814113F7A0052D76E;
			projectDirPath = "";
			projectRoot = "";
			targets = (
			);
		};
/* End PBXProject section */

/* Begin XCBuildConfiguration section */
		E73D902F14113F7A0052D76E /* Debug */ = {
			isa = XCBuildConfiguration;
			buildSettings = {
			};
			name = Debug;
		};
		E73D903014113F7A0052D76E /* Release */ = {
			isa = XCBuildConfiguration;
			buildSettings = {
			};
			name = Release;
		};
/* End XCBuildConfiguration section */

/* Begin XCConfigurationList section */
		E73D902D14113F7A0052D76E /* Build configuration list for PBXProject "Parallel Assignment" */ = {
			isa = XCConfigurationList;
			buildConfigurations = (
				E73D902F14113F7A0052D76E /* Debug */,
				E73D903014113F7A0052D76E /* Release */,
			);
			defaultConfigurationIsVisible = 0;
			defaultConfigurationName = Release;
		};
/* End XCConfigurationList section */
	};
	rootObject = E73D902A14113F7A0052D76E /* Project object */;
}
